
Microsoft Visual Studio Solution File, Format Version 12.00
# Visual Studio 14
VisualStudioVersion = 14.0.24720.0
MinimumVisualStudioVersion = 10.0.40219.1
Project("{8BC9CEB8-8B4A-11D0-8D11-00A0C91BC942}") = "SA2ModLoader", "SA2ModLoader\SA2ModLoader.vcxproj", "{3BF5C1B2-E3A4-43E7-9C2A-E445810834DE}"
	ProjectSection(ProjectDependencies) = postProject
		{83C0F6B3-2297-4A14-98D6-F9C3E99192CE} = {83C0F6B3-2297-4A14-98D6-F9C3E99192CE}
	EndProjectSection
EndProject
Project("{FAE04EC0-301F-11D3-BF4B-00C04F79EFBC}") = "SA2ModManager", "SA2ModManager\SA2ModManager.csproj", "{8B980BC2-ED9C-4BBD-930F-28171EC82BA9}"
EndProject
Project("{8BC9CEB8-8B4A-11D0-8D11-00A0C91BC942}") = "libmodutils", "libmodutils\libmodutils.vcxproj", "{83C0F6B3-2297-4A14-98D6-F9C3E99192CE}"
EndProject
Global
	GlobalSection(SolutionConfigurationPlatforms) = preSolution
		Debug|Mixed Platforms = Debug|Mixed Platforms
		Debug|Win32 = Debug|Win32
		Debug|x86 = Debug|x86
		Release|Mixed Platforms = Release|Mixed Platforms
		Release|Win32 = Release|Win32
		Release|x86 = Release|x86
	EndGlobalSection
	GlobalSection(ProjectConfigurationPlatforms) = postSolution
		{3BF5C1B2-E3A4-43E7-9C2A-E445810834DE}.Debug|Mixed Platforms.ActiveCfg = Debug|Win32
		{3BF5C1B2-E3A4-43E7-9C2A-E445810834DE}.Debug|Mixed Platforms.Build.0 = Debug|Win32
		{3BF5C1B2-E3A4-43E7-9C2A-E445810834DE}.Debug|Win32.ActiveCfg = Debug|Win32
		{3BF5C1B2-E3A4-43E7-9C2A-E445810834DE}.Debug|Win32.Build.0 = Debug|Win32
		{3BF5C1B2-E3A4-43E7-9C2A-E445810834DE}.Debug|x86.ActiveCfg = Debug|Win32
		{3BF5C1B2-E3A4-43E7-9C2A-E445810834DE}.Release|Mixed Platforms.ActiveCfg = Release|Win32
		{3BF5C1B2-E3A4-43E7-9C2A-E445810834DE}.Release|Mixed Platforms.Build.0 = Release|Win32
		{3BF5C1B2-E3A4-43E7-9C2A-E445810834DE}.Release|Win32.ActiveCfg = Release|Win32
		{3BF5C1B2-E3A4-43E7-9C2A-E445810834DE}.Release|Win32.Build.0 = Release|Win32
		{3BF5C1B2-E3A4-43E7-9C2A-E445810834DE}.Release|x86.ActiveCfg = Release|Win32
		{8B980BC2-ED9C-4BBD-930F-28171EC82BA9}.Debug|Mixed Platforms.ActiveCfg = Debug|x86
		{8B980BC2-ED9C-4BBD-930F-28171EC82BA9}.Debug|Mixed Platforms.Build.0 = Debug|x86
		{8B980BC2-ED9C-4BBD-930F-28171EC82BA9}.Debug|Win32.ActiveCfg = Debug|x86
		{8B980BC2-ED9C-4BBD-930F-28171EC82BA9}.Debug|Win32.Build.0 = Debug|x86
		{8B980BC2-ED9C-4BBD-930F-28171EC82BA9}.Debug|x86.ActiveCfg = Debug|x86
		{8B980BC2-ED9C-4BBD-930F-28171EC82BA9}.Debug|x86.Build.0 = Debug|x86
		{8B980BC2-ED9C-4BBD-930F-28171EC82BA9}.Release|Mixed Platforms.ActiveCfg = Release|x86
		{8B980BC2-ED9C-4BBD-930F-28171EC82BA9}.Release|Mixed Platforms.Build.0 = Release|x86
		{8B980BC2-ED9C-4BBD-930F-28171EC82BA9}.Release|Win32.ActiveCfg = Release|x86
		{8B980BC2-ED9C-4BBD-930F-28171EC82BA9}.Release|Win32.Build.0 = Release|x86
		{8B980BC2-ED9C-4BBD-930F-28171EC82BA9}.Release|x86.ActiveCfg = Release|x86
		{8B980BC2-ED9C-4BBD-930F-28171EC82BA9}.Release|x86.Build.0 = Release|x86
		{83C0F6B3-2297-4A14-98D6-F9C3E99192CE}.Debug|Mixed Platforms.ActiveCfg = Debug|Win32
		{83C0F6B3-2297-4A14-98D6-F9C3E99192CE}.Debug|Mixed Platforms.Build.0 = Debug|Win32
		{83C0F6B3-2297-4A14-98D6-F9C3E99192CE}.Debug|Win32.ActiveCfg = Debug|Win32
		{83C0F6B3-2297-4A14-98D6-F9C3E99192CE}.Debug|Win32.Build.0 = Debug|Win32
		{83C0F6B3-2297-4A14-98D6-F9C3E99192CE}.Debug|x86.ActiveCfg = Debug|Win32
		{83C0F6B3-2297-4A14-98D6-F9C3E99192CE}.Debug|x86.Build.0 = Debug|Win32
		{83C0F6B3-2297-4A14-98D6-F9C3E99192CE}.Release|Mixed Platforms.ActiveCfg = Release|Win32
		{83C0F6B3-2297-4A14-98D6-F9C3E99192CE}.Release|Mixed Platforms.Build.0 = Release|Win32
		{83C0F6B3-2297-4A14-98D6-F9C3E99192CE}.Release|Win32.ActiveCfg = Release|Win32
		{83C0F6B3-2297-4A14-98D6-F9C3E99192CE}.Release|Win32.Build.0 = Release|Win32
		{83C0F6B3-2297-4A14-98D6-F9C3E99192CE}.Release|x86.ActiveCfg = Release|Win32
		{83C0F6B3-2297-4A14-98D6-F9C3E99192CE}.Release|x86.Build.0 = Release|Win32
	EndGlobalSection
	GlobalSection(SolutionProperties) = preSolution
		HideSolutionNode = FALSE
	EndGlobalSection
EndGlobal
