<?xml version="1.0" encoding="utf-8"?>
<Project ToolsVersion="4.0" xmlns="http://schemas.microsoft.com/developer/msbuild/2003">
  <ItemGroup>
    <Filter Include="Source Files">
      <UniqueIdentifier>{4FC737F1-C7A5-4376-A066-2A32D752A2FF}</UniqueIdentifier>
      <Extensions>cpp;c;cc;cxx;def;odl;idl;hpj;bat;asm;asmx</Extensions>
    </Filter>
    <Filter Include="Header Files">
      <UniqueIdentifier>{93995380-89BD-4b04-88EB-625FBE52EBFB}</UniqueIdentifier>
      <Extensions>h;hpp;hxx;hm;inl;inc;xsd</Extensions>
    </Filter>
    <Filter Include="Resource Files">
      <UniqueIdentifier>{67DA6AB6-F800-4c08-8B7A-83BB121AAD01}</UniqueIdentifier>
      <Extensions>rc;ico;cur;bmp;dlg;rc2;rct;bin;rgs;gif;jpg;jpeg;jpe;resx;tiff;tif;png;wav;mfcribbon-ms</Extensions>
    </Filter>
    <Filter Include="Header Files\include">
      <UniqueIdentifier>{81f04c87-0e83-4a7a-b148-4e555a95ff7e}</UniqueIdentifier>
    </Filter>
  </ItemGroup>
  <ItemGroup>
    <ClInclude Include="stdafx.h">
      <Filter>Header Files</Filter>
    </ClInclude>
    <ClInclude Include="targetver.h">
      <Filter>Header Files</Filter>
    </ClInclude>
    <ClInclude Include="include\ninja.h">
      <Filter>Header Files\include</Filter>
    </ClInclude>
    <ClInclude Include="include\SA2ModLoader.h">
      <Filter>Header Files\include</Filter>
    </ClInclude>
    <ClInclude Include="FileMap.hpp">
      <Filter>Header Files</Filter>
    </ClInclude>
    <ClInclude Include="Events.h">
      <Filter>Header Files</Filter>
    </ClInclude>
    <ClInclude Include="include\MemAccess.h">
      <Filter>Header Files\include</Filter>
    </ClInclude>
    <ClInclude Include="include\SA2Enums.h">
      <Filter>Header Files\include</Filter>
    </ClInclude>
    <ClInclude Include="include\SA2Functions.h">
      <Filter>Header Files\include</Filter>
    </ClInclude>
    <ClInclude Include="include\SA2Structs.h">
      <Filter>Header Files\include</Filter>
    </ClInclude>
    <ClInclude Include="include\SA2Variables.h">
      <Filter>Header Files\include</Filter>
    </ClInclude>
    <ClInclude Include="EXEData.h">
      <Filter>Header Files</Filter>
    </ClInclude>
    <ClInclude Include="FadeFix.h">
      <Filter>Header Files</Filter>
    </ClInclude>
    <ClInclude Include="testspawn.h">
      <Filter>Header Files</Filter>
    </ClInclude>
    <ClInclude Include="DLLData.h">
      <Filter>Header Files</Filter>
    </ClInclude>
    <ClInclude Include="FileReplacement.h">
      <Filter>Header Files</Filter>
    </ClInclude>
    <ClInclude Include="DebugText.h">
      <Filter>Header Files</Filter>
    </ClInclude>
    <ClInclude Include="include\SA2ModInfo.h">
      <Filter>Header Files\include</Filter>
    </ClInclude>
    <ClInclude Include="include\UsercallFunctionHandler.h">
      <Filter>Header Files\include</Filter>
    </ClInclude>
    <ClInclude Include="MediaFns.hpp">
      <Filter>Header Files</Filter>
    </ClInclude>
    <ClInclude Include="CrashDump.h">
      <Filter>Header Files</Filter>
    </ClInclude>
    <ClInclude Include="window.h">
      <Filter>Header Files</Filter>
    </ClInclude>
    <ClInclude Include="include\magic.h">
      <Filter>Header Files\include</Filter>
    </ClInclude>
  </ItemGroup>
  <ItemGroup>
    <ClCompile Include="stdafx.cpp">
      <Filter>Source Files</Filter>
    </ClCompile>
    <ClCompile Include="dllmain.cpp">
      <Filter>Source Files</Filter>
    </ClCompile>
    <ClCompile Include="FileMap.cpp">
      <Filter>Source Files</Filter>
    </ClCompile>
    <ClCompile Include="Events.cpp">
      <Filter>Source Files</Filter>
    </ClCompile>
    <ClCompile Include="EXEData.cpp">
      <Filter>Source Files</Filter>
    </ClCompile>
    <ClCompile Include="FadeFix.cpp">
      <Filter>Source Files</Filter>
    </ClCompile>
    <ClCompile Include="testspawn.cpp">
      <Filter>Source Files</Filter>
    </ClCompile>
    <ClCompile Include="DLLData.cpp">
      <Filter>Source Files</Filter>
    </ClCompile>
    <ClCompile Include="FileReplacement.cpp">
      <Filter>Source Files</Filter>
    </ClCompile>
    <ClCompile Include="DebugText.cpp">
      <Filter>Source Files</Filter>
    </ClCompile>
    <ClCompile Include="MediaFns.cpp">
      <Filter>Source Files</Filter>
    </ClCompile>
    <ClCompile Include="CrashDump.cpp">
      <Filter>Source Files</Filter>
    </ClCompile>
    <ClCompile Include="window.cpp">
      <Filter>Source Files</Filter>
    </ClCompile>
  </ItemGroup>
  <ItemGroup>
    <None Include="cpp.hint">
      <Filter>Source Files</Filter>
    </None>
  </ItemGroup>
</Project>